<?xml version="1.0" encoding="utf-8"?>
<Project ToolsVersion="4.0" xmlns="http://schemas.microsoft.com/developer/msbuild/2003">
  <ItemGroup>
    <Filter Include="Source Files">
      <UniqueIdentifier>{4FC737F1-C7A5-4376-A066-2A32D752A2FF}</UniqueIdentifier>
      <Extensions>cpp;c;cc;cxx;def;odl;idl;hpj;bat;asm;asmx</Extensions>
    </Filter>
    <Filter Include="Header Files">
      <UniqueIdentifier>{93995380-89BD-4b04-88EB-625FBE52EBFB}</UniqueIdentifier>
      <Extensions>h;hh;hpp;hxx;hm;inl;inc;xsd</Extensions>
    </Filter>
    <Filter Include="Resource Files">
      <UniqueIdentifier>{67DA6AB6-F800-4c08-8B7A-83BB121AAD01}</UniqueIdentifier>
      <Extensions>rc;ico;cur;bmp;dlg;rc2;rct;bin;rgs;gif;jpg;jpeg;jpe;resx;tiff;tif;png;wav</Extensions>
    </Filter>
  </ItemGroup>
  <ItemGroup>
    <ClCompile Include="source\cmdline.cpp">
      <Filter>Source Files</Filter>
    </ClCompile>
    <ClCompile Include="source\fourier.cpp">
      <Filter>Source Files</Filter>
    </ClCompile>
    <ClCompile Include="source\io.cpp">
      <Filter>Source Files</Filter>
    </ClCompile>
    <ClCompile Include="source\main.cpp">
      <Filter>Source Files</Filter>
    </ClCompile>
    <ClCompile Include="source\process.cpp">
      <Filter>Source Files</Filter>
    </ClCompile>
    <ClCompile Include="source\tests\Complex_test.cpp">
      <Filter>Source Files</Filter>
    </ClCompile>
    <ClCompile Include="source\tests\fourier_test.cpp">
      <Filter>Source Files</Filter>
    </ClCompile>
    <ClCompile Include="source\tests\googletest\codegear\gtest_all.cc">
      <Filter>Source Files</Filter>
    </ClCompile>
    <ClCompile Include="source\tests\googletest\codegear\gtest_link.cc">
      <Filter>Source Files</Filter>
    </ClCompile>
    <ClCompile Include="source\tests\googletest\samples\sample1.cc">
      <Filter>Source Files</Filter>
    </ClCompile>
    <ClCompile Include="source\tests\googletest\samples\sample10_unittest.cc">
      <Filter>Source Files</Filter>
    </ClCompile>
    <ClCompile Include="source\tests\googletest\samples\sample1_unittest.cc">
      <Filter>Source Files</Filter>
    </ClCompile>
    <ClCompile Include="source\tests\googletest\samples\sample2.cc">
      <Filter>Source Files</Filter>
    </ClCompile>
    <ClCompile Include="source\tests\googletest\samples\sample2_unittest.cc">
      <Filter>Source Files</Filter>
    </ClCompile>
    <ClCompile Include="source\tests\googletest\samples\sample3_unittest.cc">
      <Filter>Source Files</Filter>
    </ClCompile>
    <ClCompile Include="source\tests\googletest\samples\sample4.cc">
      <Filter>Source Files</Filter>
    </ClCompile>
    <ClCompile Include="source\tests\googletest\samples\sample4_unittest.cc">
      <Filter>Source Files</Filter>
    </ClCompile>
    <ClCompile Include="source\tests\googletest\samples\sample5_unittest.cc">
      <Filter>Source Files</Filter>
    </ClCompile>
    <ClCompile Include="source\tests\googletest\samples\sample6_unittest.cc">
      <Filter>Source Files</Filter>
    </ClCompile>
    <ClCompile Include="source\tests\googletest\samples\sample7_unittest.cc">
      <Filter>Source Files</Filter>
    </ClCompile>
    <ClCompile Include="source\tests\googletest\samples\sample8_unittest.cc">
      <Filter>Source Files</Filter>
    </ClCompile>
    <ClCompile Include="source\tests\googletest\samples\sample9_unittest.cc">
      <Filter>Source Files</Filter>
    </ClCompile>
    <ClCompile Include="source\tests\googletest\src\gtest-all.cc">
      <Filter>Source Files</Filter>
    </ClCompile>
    <ClCompile Include="source\tests\googletest\src\gtest-death-test.cc">
      <Filter>Source Files</Filter>
    </ClCompile>
    <ClCompile Include="source\tests\googletest\src\gtest-filepath.cc">
      <Filter>Source Files</Filter>
    </ClCompile>
    <ClCompile Include="source\tests\googletest\src\gtest-port.cc">
      <Filter>Source Files</Filter>
    </ClCompile>
    <ClCompile Include="source\tests\googletest\src\gtest-printers.cc">
      <Filter>Source Files</Filter>
    </ClCompile>
    <ClCompile Include="source\tests\googletest\src\gtest-test-part.cc">
      <Filter>Source Files</Filter>
    </ClCompile>
    <ClCompile Include="source\tests\googletest\src\gtest-typed-test.cc">
      <Filter>Source Files</Filter>
    </ClCompile>
    <ClCompile Include="source\tests\googletest\src\gtest.cc">
      <Filter>Source Files</Filter>
    </ClCompile>
    <ClCompile Include="source\tests\googletest\src\gtest_main.cc">
      <Filter>Source Files</Filter>
    </ClCompile>
    <ClCompile Include="source\tests\googletest\test\gtest-death-test_ex_test.cc">
      <Filter>Source Files</Filter>
    </ClCompile>
    <ClCompile Include="source\tests\googletest\test\gtest-death-test_test.cc">
      <Filter>Source Files</Filter>
    </ClCompile>
    <ClCompile Include="source\tests\googletest\test\gtest-filepath_test.cc">
      <Filter>Source Files</Filter>
    </ClCompile>
    <ClCompile Include="source\tests\googletest\test\gtest-linked_ptr_test.cc">
      <Filter>Source Files</Filter>
    </ClCompile>
    <ClCompile Include="source\tests\googletest\test\gtest-listener_test.cc">
      <Filter>Source Files</Filter>
    </ClCompile>
    <ClCompile Include="source\tests\googletest\test\gtest-message_test.cc">
      <Filter>Source Files</Filter>
    </ClCompile>
    <ClCompile Include="source\tests\googletest\test\gtest-options_test.cc">
      <Filter>Source Files</Filter>
    </ClCompile>
    <ClCompile Include="source\tests\googletest\test\gtest-param-test2_test.cc">
      <Filter>Source Files</Filter>
    </ClCompile>
    <ClCompile Include="source\tests\googletest\test\gtest-param-test_test.cc">
      <Filter>Source Files</Filter>
    </ClCompile>
    <ClCompile Include="source\tests\googletest\test\gtest-port_test.cc">
      <Filter>Source Files</Filter>
    </ClCompile>
    <ClCompile Include="source\tests\googletest\test\gtest-printers_test.cc">
      <Filter>Source Files</Filter>
    </ClCompile>
    <ClCompile Include="source\tests\googletest\test\gtest-test-part_test.cc">
      <Filter>Source Files</Filter>
    </ClCompile>
    <ClCompile Include="source\tests\googletest\test\gtest-tuple_test.cc">
      <Filter>Source Files</Filter>
    </ClCompile>
    <ClCompile Include="source\tests\googletest\test\gtest-typed-test2_test.cc">
      <Filter>Source Files</Filter>
    </ClCompile>
    <ClCompile Include="source\tests\googletest\test\gtest-typed-test_test.cc">
      <Filter>Source Files</Filter>
    </ClCompile>
    <ClCompile Include="source\tests\googletest\test\gtest-unittest-api_test.cc">
      <Filter>Source Files</Filter>
    </ClCompile>
    <ClCompile Include="source\tests\googletest\test\gtest_all_test.cc">
      <Filter>Source Files</Filter>
    </ClCompile>
    <ClCompile Include="source\tests\googletest\test\gtest_assert_by_exception_test.cc">
      <Filter>Source Files</Filter>
    </ClCompile>
    <ClCompile Include="source\tests\googletest\test\gtest_break_on_failure_unittest_.cc">
      <Filter>Source Files</Filter>
    </ClCompile>
    <ClCompile Include="source\tests\googletest\test\gtest_catch_exceptions_test_.cc">
      <Filter>Source Files</Filter>
    </ClCompile>
    <ClCompile Include="source\tests\googletest\test\gtest_color_test_.cc">
      <Filter>Source Files</Filter>
    </ClCompile>
    <ClCompile Include="source\tests\googletest\test\gtest_environment_test.cc">
      <Filter>Source Files</Filter>
    </ClCompile>
    <ClCompile Include="source\tests\googletest\test\gtest_env_var_test_.cc">
      <Filter>Source Files</Filter>
    </ClCompile>
    <ClCompile Include="source\tests\googletest\test\gtest_filter_unittest_.cc">
      <Filter>Source Files</Filter>
    </ClCompile>
    <ClCompile Include="source\tests\googletest\test\gtest_help_test_.cc">
      <Filter>Source Files</Filter>
    </ClCompile>
    <ClCompile Include="source\tests\googletest\test\gtest_list_tests_unittest_.cc">
      <Filter>Source Files</Filter>
    </ClCompile>
    <ClCompile Include="source\tests\googletest\test\gtest_main_unittest.cc">
      <Filter>Source Files</Filter>
    </ClCompile>
    <ClCompile Include="source\tests\googletest\test\gtest_no_test_unittest.cc">
      <Filter>Source Files</Filter>
    </ClCompile>
    <ClCompile Include="source\tests\googletest\test\gtest_output_test_.cc">
      <Filter>Source Files</Filter>
    </ClCompile>
    <ClCompile Include="source\tests\googletest\test\gtest_pred_impl_unittest.cc">
      <Filter>Source Files</Filter>
    </ClCompile>
    <ClCompile Include="source\tests\googletest\test\gtest_premature_exit_test.cc">
      <Filter>Source Files</Filter>
    </ClCompile>
    <ClCompile Include="source\tests\googletest\test\gtest_prod_test.cc">
      <Filter>Source Files</Filter>
    </ClCompile>
    <ClCompile Include="source\tests\googletest\test\gtest_repeat_test.cc">
      <Filter>Source Files</Filter>
    </ClCompile>
    <ClCompile Include="source\tests\googletest\test\gtest_shuffle_test_.cc">
      <Filter>Source Files</Filter>
    </ClCompile>
    <ClCompile Include="source\tests\googletest\test\gtest_sole_header_test.cc">
      <Filter>Source Files</Filter>
    </ClCompile>
    <ClCompile Include="source\tests\googletest\test\gtest_stress_test.cc">
      <Filter>Source Files</Filter>
    </ClCompile>
    <ClCompile Include="source\tests\googletest\test\gtest_throw_on_failure_ex_test.cc">
      <Filter>Source Files</Filter>
    </ClCompile>
    <ClCompile Include="source\tests\googletest\test\gtest_throw_on_failure_test_.cc">
      <Filter>Source Files</Filter>
    </ClCompile>
    <ClCompile Include="source\tests\googletest\test\gtest_uninitialized_test_.cc">
      <Filter>Source Files</Filter>
    </ClCompile>
    <ClCompile Include="source\tests\googletest\test\gtest_unittest.cc">
      <Filter>Source Files</Filter>
    </ClCompile>
    <ClCompile Include="source\tests\googletest\test\gtest_xml_outfile1_test_.cc">
      <Filter>Source Files</Filter>
    </ClCompile>
    <ClCompile Include="source\tests\googletest\test\gtest_xml_outfile2_test_.cc">
      <Filter>Source Files</Filter>
    </ClCompile>
    <ClCompile Include="source\tests\googletest\test\gtest_xml_output_unittest_.cc">
      <Filter>Source Files</Filter>
    </ClCompile>
    <ClCompile Include="source\tests\googletest\test\production.cc">
      <Filter>Source Files</Filter>
    </ClCompile>
    <ClCompile Include="source\tests\googletest\xcode\samples\frameworksample\widget.cc">
      <Filter>Source Files</Filter>
    </ClCompile>
    <ClCompile Include="source\tests\googletest\xcode\samples\frameworksample\widget_test.cc">
      <Filter>Source Files</Filter>
    </ClCompile>
  </ItemGroup>
  <ItemGroup>
    <ClInclude Include="include\cmdline.h">
      <Filter>Header Files</Filter>
    </ClInclude>
    <ClInclude Include="include\Complex.h">
      <Filter>Header Files</Filter>
    </ClInclude>
    <ClInclude Include="include\Complex_test.h">
      <Filter>Header Files</Filter>
    </ClInclude>
    <ClInclude Include="include\fourier.h">
      <Filter>Header Files</Filter>
    </ClInclude>
    <ClInclude Include="include\fourier_test.h">
      <Filter>Header Files</Filter>
    </ClInclude>
    <ClInclude Include="include\io.h">
      <Filter>Header Files</Filter>
    </ClInclude>
    <ClInclude Include="include\main.h">
      <Filter>Header Files</Filter>
    </ClInclude>
    <ClInclude Include="include\process.h">
      <Filter>Header Files</Filter>
    </ClInclude>
    <ClInclude Include="include\Vector.h">
      <Filter>Header Files</Filter>
    </ClInclude>
    <ClInclude Include="source\tests\googletest\include\gtest\gtest-death-test.h">
      <Filter>Header Files</Filter>
    </ClInclude>
    <ClInclude Include="source\tests\googletest\include\gtest\gtest-message.h">
      <Filter>Header Files</Filter>
    </ClInclude>
    <ClInclude Include="source\tests\googletest\include\gtest\gtest-param-test.h">
      <Filter>Header Files</Filter>
    </ClInclude>
    <ClInclude Include="source\tests\googletest\include\gtest\gtest-printers.h">
      <Filter>Header Files</Filter>
    </ClInclude>
    <ClInclude Include="source\tests\googletest\include\gtest\gtest-spi.h">
      <Filter>Header Files</Filter>
    </ClInclude>
    <ClInclude Include="source\tests\googletest\include\gtest\gtest-test-part.h">
      <Filter>Header Files</Filter>
    </ClInclude>
    <ClInclude Include="source\tests\googletest\include\gtest\gtest-typed-test.h">
      <Filter>Header Files</Filter>
    </ClInclude>
    <ClInclude Include="source\tests\googletest\include\gtest\gtest.h">
      <Filter>Header Files</Filter>
    </ClInclude>
    <ClInclude Include="source\tests\googletest\include\gtest\gtest_pred_impl.h">
      <Filter>Header Files</Filter>
    </ClInclude>
    <ClInclude Include="source\tests\googletest\include\gtest\gtest_prod.h">
      <Filter>Header Files</Filter>
    </ClInclude>
    <ClInclude Include="source\tests\googletest\include\gtest\internal\gtest-death-test-internal.h">
      <Filter>Header Files</Filter>
    </ClInclude>
    <ClInclude Include="source\tests\googletest\include\gtest\internal\gtest-filepath.h">
      <Filter>Header Files</Filter>
    </ClInclude>
    <ClInclude Include="source\tests\googletest\include\gtest\internal\gtest-internal.h">
      <Filter>Header Files</Filter>
    </ClInclude>
    <ClInclude Include="source\tests\googletest\include\gtest\internal\gtest-linked_ptr.h">
      <Filter>Header Files</Filter>
    </ClInclude>
    <ClInclude Include="source\tests\googletest\include\gtest\internal\gtest-param-util-generated.h">
      <Filter>Header Files</Filter>
    </ClInclude>
    <ClInclude Include="source\tests\googletest\include\gtest\internal\gtest-param-util.h">
      <Filter>Header Files</Filter>
    </ClInclude>
    <ClInclude Include="source\tests\googletest\include\gtest\internal\gtest-port-arch.h">
      <Filter>Header Files</Filter>
    </ClInclude>
    <ClInclude Include="source\tests\googletest\include\gtest\internal\gtest-port.h">
      <Filter>Header Files</Filter>
    </ClInclude>
    <ClInclude Include="source\tests\googletest\include\gtest\internal\gtest-string.h">
      <Filter>Header Files</Filter>
    </ClInclude>
    <ClInclude Include="source\tests\googletest\include\gtest\internal\gtest-tuple.h">
      <Filter>Header Files</Filter>
    </ClInclude>
    <ClInclude Include="source\tests\googletest\include\gtest\internal\gtest-type-util.h">
      <Filter>Header Files</Filter>
    </ClInclude>
    <ClInclude Include="source\tests\googletest\include\gtest\internal\custom\gtest-port.h">
      <Filter>Header Files</Filter>
    </ClInclude>
    <ClInclude Include="source\tests\googletest\include\gtest\internal\custom\gtest-printers.h">
      <Filter>Header Files</Filter>
    </ClInclude>
    <ClInclude Include="source\tests\googletest\include\gtest\internal\custom\gtest.h">
      <Filter>Header Files</Filter>
    </ClInclude>
    <ClInclude Include="source\tests\googletest\samples\prime_tables.h">
      <Filter>Header Files</Filter>
    </ClInclude>
    <ClInclude Include="source\tests\googletest\samples\sample1.h">
      <Filter>Header Files</Filter>
    </ClInclude>
    <ClInclude Include="source\tests\googletest\samples\sample2.h">
      <Filter>Header Files</Filter>
    </ClInclude>
    <ClInclude Include="source\tests\googletest\samples\sample3-inl.h">
      <Filter>Header Files</Filter>
    </ClInclude>
    <ClInclude Include="source\tests\googletest\samples\sample4.h">
      <Filter>Header Files</Filter>
    </ClInclude>
    <ClInclude Include="source\tests\googletest\src\gtest-internal-inl.h">
      <Filter>Header Files</Filter>
    </ClInclude>
    <ClInclude Include="source\tests\googletest\test\gtest-param-test_test.h">
      <Filter>Header Files</Filter>
    </ClInclude>
    <ClInclude Include="source\tests\googletest\test\gtest-typed-test_test.h">
      <Filter>Header Files</Filter>
    </ClInclude>
    <ClInclude Include="source\tests\googletest\test\production.h">
      <Filter>Header Files</Filter>
    </ClInclude>
    <ClInclude Include="source\tests\googletest\xcode\samples\frameworksample\widget.h">
      <Filter>Header Files</Filter>
    </ClInclude>
  </ItemGroup>
</Project>